
Microsoft Visual Studio Solution File, Format Version 12.00
# Visual Studio Version 16
VisualStudioVersion = 16.0.29411.108
MinimumVisualStudioVersion = 10.0.40219.1
Project("{FAE04EC0-301F-11D3-BF4B-00C04F79EFBC}") = "EqualRights", "EqualRights\EqualRights\EqualRights.csproj", "{63DDCF2D-39DC-4B57-9206-4E1A40D28F9A}"
EndProject
Project("{FAE04EC0-301F-11D3-BF4B-00C04F79EFBC}") = "EqualRights.Android", "EqualRights\EqualRights.Android\EqualRights.Android.csproj", "{C990D7ED-B676-4B61-AB0D-B55E1A339F06}"
EndProject
Project("{FAE04EC0-301F-11D3-BF4B-00C04F79EFBC}") = "EqualRights.iOS", "EqualRights\EqualRights.iOS\EqualRights.iOS.csproj", "{DD06FC71-8C85-4114-A6EC-E857E7C0C56A}"
EndProject
Global
	GlobalSection(SolutionConfigurationPlatforms) = preSolution
		Ad-Hoc|Any CPU = Ad-Hoc|Any CPU
		Ad-Hoc|iPhone = Ad-Hoc|iPhone
		Ad-Hoc|iPhoneSimulator = Ad-Hoc|iPhoneSimulator
		AppStore|Any CPU = AppStore|Any CPU
		AppStore|iPhone = AppStore|iPhone
		AppStore|iPhoneSimulator = AppStore|iPhoneSimulator
		Debug|Any CPU = Debug|Any CPU
		Debug|iPhone = Debug|iPhone
		Debug|iPhoneSimulator = Debug|iPhoneSimulator
		Release|Any CPU = Release|Any CPU
		Release|iPhone = Release|iPhone
		Release|iPhoneSimulator = Release|iPhoneSimulator
	EndGlobalSection
	GlobalSection(ProjectConfigurationPlatforms) = postSolution
		{63DDCF2D-39DC-4B57-9206-4E1A40D28F9A}.Ad-Hoc|Any CPU.ActiveCfg = Debug|Any CPU
		{63DDCF2D-39DC-4B57-9206-4E1A40D28F9A}.Ad-Hoc|Any CPU.Build.0 = Debug|Any CPU
		{63DDCF2D-39DC-4B57-9206-4E1A40D28F9A}.Ad-Hoc|iPhone.ActiveCfg = Debug|Any CPU
		{63DDCF2D-39DC-4B57-9206-4E1A40D28F9A}.Ad-Hoc|iPhone.Build.0 = Debug|Any CPU
		{63DDCF2D-39DC-4B57-9206-4E1A40D28F9A}.Ad-Hoc|iPhoneSimulator.ActiveCfg = Debug|Any CPU
		{63DDCF2D-39DC-4B57-9206-4E1A40D28F9A}.Ad-Hoc|iPhoneSimulator.Build.0 = Debug|Any CPU
		{63DDCF2D-39DC-4B57-9206-4E1A40D28F9A}.AppStore|Any CPU.ActiveCfg = Debug|Any CPU
		{63DDCF2D-39DC-4B57-9206-4E1A40D28F9A}.AppStore|Any CPU.Build.0 = Debug|Any CPU
		{63DDCF2D-39DC-4B57-9206-4E1A40D28F9A}.AppStore|iPhone.ActiveCfg = Debug|Any CPU
		{63DDCF2D-39DC-4B57-9206-4E1A40D28F9A}.AppStore|iPhone.Build.0 = Debug|Any CPU
		{63DDCF2D-39DC-4B57-9206-4E1A40D28F9A}.AppStore|iPhoneSimulator.ActiveCfg = Debug|Any CPU
		{63DDCF2D-39DC-4B57-9206-4E1A40D28F9A}.AppStore|iPhoneSimulator.Build.0 = Debug|Any CPU
		{63DDCF2D-39DC-4B57-9206-4E1A40D28F9A}.Debug|Any CPU.ActiveCfg = Debug|Any CPU
		{63DDCF2D-39DC-4B57-9206-4E1A40D28F9A}.Debug|Any CPU.Build.0 = Debug|Any CPU
		{63DDCF2D-39DC-4B57-9206-4E1A40D28F9A}.Debug|iPhone.ActiveCfg = Debug|Any CPU
		{63DDCF2D-39DC-4B57-9206-4E1A40D28F9A}.Debug|iPhone.Build.0 = Debug|Any CPU
		{63DDCF2D-39DC-4B57-9206-4E1A40D28F9A}.Debug|iPhoneSimulator.ActiveCfg = Debug|Any CPU
		{63DDCF2D-39DC-4B57-9206-4E1A40D28F9A}.Debug|iPhoneSimulator.Build.0 = Debug|Any CPU
		{63DDCF2D-39DC-4B57-9206-4E1A40D28F9A}.Release|Any CPU.ActiveCfg = Release|Any CPU
		{63DDCF2D-39DC-4B57-9206-4E1A40D28F9A}.Release|Any CPU.Build.0 = Release|Any CPU
		{63DDCF2D-39DC-4B57-9206-4E1A40D28F9A}.Release|iPhone.ActiveCfg = Release|Any CPU
		{63DDCF2D-39DC-4B57-9206-4E1A40D28F9A}.Release|iPhone.Build.0 = Release|Any CPU
		{63DDCF2D-39DC-4B57-9206-4E1A40D28F9A}.Release|iPhoneSimulator.ActiveCfg = Release|Any CPU
		{63DDCF2D-39DC-4B57-9206-4E1A40D28F9A}.Release|iPhoneSimulator.Build.0 = Release|Any CPU
		{C990D7ED-B676-4B61-AB0D-B55E1A339F06}.Ad-Hoc|Any CPU.ActiveCfg = Release|Any CPU
		{C990D7ED-B676-4B61-AB0D-B55E1A339F06}.Ad-Hoc|Any CPU.Build.0 = Release|Any CPU
		{C990D7ED-B676-4B61-AB0D-B55E1A339F06}.Ad-Hoc|Any CPU.Deploy.0 = Release|Any CPU
		{C990D7ED-B676-4B61-AB0D-B55E1A339F06}.Ad-Hoc|iPhone.ActiveCfg = Release|Any CPU
		{C990D7ED-B676-4B61-AB0D-B55E1A339F06}.Ad-Hoc|iPhone.Build.0 = Release|Any CPU
		{C990D7ED-B676-4B61-AB0D-B55E1A339F06}.Ad-Hoc|iPhone.Deploy.0 = Release|Any CPU
		{C990D7ED-B676-4B61-AB0D-B55E1A339F06}.Ad-Hoc|iPhoneSimulator.ActiveCfg = Release|Any CPU
		{C990D7ED-B676-4B61-AB0D-B55E1A339F06}.Ad-Hoc|iPhoneSimulator.Build.0 = Release|Any CPU
		{C990D7ED-B676-4B61-AB0D-B55E1A339F06}.Ad-Hoc|iPhoneSimulator.Deploy.0 = Release|Any CPU
		{C990D7ED-B676-4B61-AB0D-B55E1A339F06}.AppStore|Any CPU.ActiveCfg = Release|Any CPU
		{C990D7ED-B676-4B61-AB0D-B55E1A339F06}.AppStore|Any CPU.Build.0 = Release|Any CPU
		{C990D7ED-B676-4B61-AB0D-B55E1A339F06}.AppStore|Any CPU.Deploy.0 = Release|Any CPU
		{C990D7ED-B676-4B61-AB0D-B55E1A339F06}.AppStore|iPhone.ActiveCfg = Release|Any CPU
		{C990D7ED-B676-4B61-AB0D-B55E1A339F06}.AppStore|iPhone.Build.0 = Release|Any CPU
		{C990D7ED-B676-4B61-AB0D-B55E1A339F06}.AppStore|iPhone.Deploy.0 = Release|Any CPU
		{C990D7ED-B676-4B61-AB0D-B55E1A339F06}.AppStore|iPhoneSimulator.ActiveCfg = Release|Any CPU
		{C990D7ED-B676-4B61-AB0D-B55E1A339F06}.AppStore|iPhoneSimulator.Build.0 = Release|Any CPU
		{C990D7ED-B676-4B61-AB0D-B55E1A339F06}.AppStore|iPhoneSimulator.Deploy.0 = Release|Any CPU
		{C990D7ED-B676-4B61-AB0D-B55E1A339F06}.Debug|Any CPU.ActiveCfg = Debug|Any CPU
		{C990D7ED-B676-4B61-AB0D-B55E1A339F06}.Debug|Any CPU.Build.0 = Debug|Any CPU
		{C990D7ED-B676-4B61-AB0D-B55E1A339F06}.Debug|Any CPU.Deploy.0 = Debug|Any CPU
		{C990D7ED-B676-4B61-AB0D-B55E1A339F06}.Debug|iPhone.ActiveCfg = Debug|Any CPU
		{C990D7ED-B676-4B61-AB0D-B55E1A339F06}.Debug|iPhone.Build.0 = Debug|Any CPU
		{C990D7ED-B676-4B61-AB0D-B55E1A339F06}.Debug|iPhone.Deploy.0 = Debug|Any CPU
		{C990D7ED-B676-4B61-AB0D-B55E1A339F06}.Debug|iPhoneSimulator.ActiveCfg = Debug|Any CPU
		{C990D7ED-B676-4B61-AB0D-B55E1A339F06}.Debug|iPhoneSimulator.Build.0 = Debug|Any CPU
		{C990D7ED-B676-4B61-AB0D-B55E1A339F06}.Debug|iPhoneSimulator.Deploy.0 = Debug|Any CPU
		{C990D7ED-B676-4B61-AB0D-B55E1A339F06}.Release|Any CPU.ActiveCfg = Release|Any CPU
		{C990D7ED-B676-4B61-AB0D-B55E1A339F06}.Release|Any CPU.Build.0 = Release|Any CPU
		{C990D7ED-B676-4B61-AB0D-B55E1A339F06}.Release|Any CPU.Deploy.0 = Release|Any CPU
		{C990D7ED-B676-4B61-AB0D-B55E1A339F06}.Release|iPhone.ActiveCfg = Release|Any CPU
		{C990D7ED-B676-4B61-AB0D-B55E1A339F06}.Release|iPhone.Build.0 = Release|Any CPU
		{C990D7ED-B676-4B61-AB0D-B55E1A339F06}.Release|iPhone.Deploy.0 = Release|Any CPU
		{C990D7ED-B676-4B61-AB0D-B55E1A339F06}.Release|iPhoneSimulator.ActiveCfg = Release|Any CPU
		{C990D7ED-B676-4B61-AB0D-B55E1A339F06}.Release|iPhoneSimulator.Build.0 = Release|Any CPU
		{C990D7ED-B676-4B61-AB0D-B55E1A339F06}.Release|iPhoneSimulator.Deploy.0 = Release|Any CPU
		{DD06FC71-8C85-4114-A6EC-E857E7C0C56A}.Ad-Hoc|Any CPU.ActiveCfg = Ad-Hoc|iPhone
		{DD06FC71-8C85-4114-A6EC-E857E7C0C56A}.Ad-Hoc|iPhone.ActiveCfg = Ad-Hoc|iPhone
		{DD06FC71-8C85-4114-A6EC-E857E7C0C56A}.Ad-Hoc|iPhone.Build.0 = Ad-Hoc|iPhone
		{DD06FC71-8C85-4114-A6EC-E857E7C0C56A}.Ad-Hoc|iPhoneSimulator.ActiveCfg = Ad-Hoc|iPhoneSimulator
		{DD06FC71-8C85-4114-A6EC-E857E7C0C56A}.Ad-Hoc|iPhoneSimulator.Build.0 = Ad-Hoc|iPhoneSimulator
		{DD06FC71-8C85-4114-A6EC-E857E7C0C56A}.AppStore|Any CPU.ActiveCfg = AppStore|iPhone
		{DD06FC71-8C85-4114-A6EC-E857E7C0C56A}.AppStore|iPhone.ActiveCfg = AppStore|iPhone
		{DD06FC71-8C85-4114-A6EC-E857E7C0C56A}.AppStore|iPhone.Build.0 = AppStore|iPhone
		{DD06FC71-8C85-4114-A6EC-E857E7C0C56A}.AppStore|iPhoneSimulator.ActiveCfg = AppStore|iPhoneSimulator
		{DD06FC71-8C85-4114-A6EC-E857E7C0C56A}.AppStore|iPhoneSimulator.Build.0 = AppStore|iPhoneSimulator
		{DD06FC71-8C85-4114-A6EC-E857E7C0C56A}.Debug|Any CPU.ActiveCfg = Debug|iPhone
		{DD06FC71-8C85-4114-A6EC-E857E7C0C56A}.Debug|iPhone.ActiveCfg = Debug|iPhone
		{DD06FC71-8C85-4114-A6EC-E857E7C0C56A}.Debug|iPhone.Build.0 = Debug|iPhone
		{DD06FC71-8C85-4114-A6EC-E857E7C0C56A}.Debug|iPhoneSimulator.ActiveCfg = Debug|iPhoneSimulator
		{DD06FC71-8C85-4114-A6EC-E857E7C0C56A}.Debug|iPhoneSimulator.Build.0 = Debug|iPhoneSimulator
		{DD06FC71-8C85-4114-A6EC-E857E7C0C56A}.Release|Any CPU.ActiveCfg = Release|iPhone
		{DD06FC71-8C85-4114-A6EC-E857E7C0C56A}.Release|iPhone.ActiveCfg = Release|iPhone
		{DD06FC71-8C85-4114-A6EC-E857E7C0C56A}.Release|iPhone.Build.0 = Release|iPhone
		{DD06FC71-8C85-4114-A6EC-E857E7C0C56A}.Release|iPhoneSimulator.ActiveCfg = Release|iPhoneSimulator
		{DD06FC71-8C85-4114-A6EC-E857E7C0C56A}.Release|iPhoneSimulator.Build.0 = Release|iPhoneSimulator
	EndGlobalSection
	GlobalSection(SolutionProperties) = preSolution
		HideSolutionNode = FALSE
	EndGlobalSection
	GlobalSection(ExtensibilityGlobals) = postSolution
		SolutionGuid = {2A8E2619-A5E6-4AB8-8631-AE944C84B5B5}
	EndGlobalSection
EndGlobal
